
Microsoft Visual Studio Solution File, Format Version 12.00
# Visual Studio 15
VisualStudioVersion = 15.0.28010.2048
MinimumVisualStudioVersion = 10.0.40219.1
Project("{9A19103F-16F7-4668-BE54-9A1E7A4F7556}") = "linkedlist", "linkedlist.csproj", "{BC95B4C1-E88A-4B7A-B5FB-E6B34AE3F6AD}"
EndProject
Global
	GlobalSection(SolutionConfigurationPlatforms) = preSolution
		Debug|Any CPU = Debug|Any CPU
		Release|Any CPU = Release|Any CPU
	EndGlobalSection
	GlobalSection(ProjectConfigurationPlatforms) = postSolution
		{BC95B4C1-E88A-4B7A-B5FB-E6B34AE3F6AD}.Debug|Any CPU.ActiveCfg = Debug|Any CPU
		{BC95B4C1-E88A-4B7A-B5FB-E6B34AE3F6AD}.Debug|Any CPU.Build.0 = Debug|Any CPU
		{BC95B4C1-E88A-4B7A-B5FB-E6B34AE3F6AD}.Release|Any CPU.ActiveCfg = Release|Any CPU
		{BC95B4C1-E88A-4B7A-B5FB-E6B34AE3F6AD}.Release|Any CPU.Build.0 = Release|Any CPU
	EndGlobalSection
	GlobalSection(SolutionProperties) = preSolution
		HideSolutionNode = FALSE
	EndGlobalSection
	GlobalSection(ExtensibilityGlobals) = postSolution
		SolutionGuid = {0733D30F-9E9E-475A-B616-28DD2A81A054}
	EndGlobalSection
EndGlobal
